
Microsoft Visual Studio Solution File, Format Version 12.00
# Visual Studio Version 17
VisualStudioVersion = 17.6.33829.357
MinimumVisualStudioVersion = 10.0.40219.1
Project("{FAE04EC0-301F-11D3-BF4B-00C04F79EFBC}") = "ATMApp", "ATMApp\ATMApp.csproj", "{8FCDFFFC-3048-4E90-B34C-EFA1650FAC0C}"
EndProject
Global
	GlobalSection(SolutionConfigurationPlatforms) = preSolution
		Debug|Any CPU = Debug|Any CPU
		Release|Any CPU = Release|Any CPU
	EndGlobalSection
	GlobalSection(ProjectConfigurationPlatforms) = postSolution
		{8FCDFFFC-3048-4E90-B34C-EFA1650FAC0C}.Debug|Any CPU.ActiveCfg = Debug|Any CPU
		{8FCDFFFC-3048-4E90-B34C-EFA1650FAC0C}.Debug|Any CPU.Build.0 = Debug|Any CPU
		{8FCDFFFC-3048-4E90-B34C-EFA1650FAC0C}.Release|Any CPU.ActiveCfg = Release|Any CPU
		{8FCDFFFC-3048-4E90-B34C-EFA1650FAC0C}.Release|Any CPU.Build.0 = Release|Any CPU
	EndGlobalSection
	GlobalSection(SolutionProperties) = preSolution
		HideSolutionNode = FALSE
	EndGlobalSection
	GlobalSection(ExtensibilityGlobals) = postSolution
		SolutionGuid = {5EC2D649-FA1C-4EEB-8CFF-0DF5DB2E205C}
	EndGlobalSection
EndGlobal
